{
	"name": "passky-main-website",
	"version": "4.2.0",
	"lockfileVersion": 2,
	"requires": true,
	"packages": {
		"": {
			"name": "passky-main-website",
			"version": "4.2.0",
			"license": "GPL-3.0",
			"devDependencies": {
				"tailwindcss": "^4.0.2"
			}
		},
		"node_modules/tailwindcss": {
			"version": "4.0.2",
			"resolved": "https://registry.npmjs.org/tailwindcss/-/tailwindcss-4.0.2.tgz",
			"integrity": "sha512-cjWQjZEbzQNqH4IiSjRcYg96zjlu+rjzTFkqTc/fN3FNnIU4CoNlQvwCsIomwG/2EPWYT9ysFL1QF6Av3fZeNg==",
			"dev": true,
			"license": "MIT"
		}
	},
	"dependencies": {
		"tailwindcss": {
			"version": "4.0.2",
			"resolved": "https://registry.npmjs.org/tailwindcss/-/tailwindcss-4.0.2.tgz",
			"integrity": "sha512-cjWQjZEbzQNqH4IiSjRcYg96zjlu+rjzTFkqTc/fN3FNnIU4CoNlQvwCsIomwG/2EPWYT9ysFL1QF6Av3fZeNg==",
			"dev": true
		}
	}
}
